<?xml version="1.0" encoding="UTF-8"?>
<Project ToolsVersion="12.0" xmlns="http://schemas.microsoft.com/developer/msbuild/2003">
  <ItemGroup>
    <ClCompile Include="E:\modernGL\Dependencies\glfw\examples\heightmap.c">
      <Filter>Source Files</Filter>
    </ClCompile>
    <ClCompile Include="E:\modernGL\Dependencies\glfw\deps\glad.c">
      <Filter>Source Files</Filter>
    </ClCompile>
  </ItemGroup>
  <ItemGroup>
    <ClInclude Include="E:\modernGL\Dependencies\glfw\deps\glad\glad.h">
      <Filter>Header Files</Filter>
    </ClInclude>
  </ItemGroup>
  <ItemGroup>
    <CustomBuild Include="E:\modernGL\Dependencies\glfw\examples\CMakeLists.txt" />
  </ItemGroup>
  <ItemGroup>
    <Filter Include="Source Files">
      <UniqueIdentifier>{10C2D004-AD35-301E-85F8-827E3E242B2A}</UniqueIdentifier>
    </Filter>
    <Filter Include="Header Files">
      <UniqueIdentifier>{F571A85A-B6A6-31A4-A4F7-B57F6E68DB01}</UniqueIdentifier>
    </Filter>
  </ItemGroup>
</Project>
