Microsoft Visual Studio Solution File, Format Version 12.00
# Visual Studio 2013
Project("{8BC9CEB8-8B4A-11D0-8D11-00A0C91BC942}") = "ALL_BUILD", "ALL_BUILD.vcxproj", "{4C0500F3-651C-3CFC-8A60-C5A0225D64FD}"
	ProjectSection(ProjectDependencies) = postProject
		{9522DC82-69EB-32AB-93EF-ABE96856C1B6} = {9522DC82-69EB-32AB-93EF-ABE96856C1B6}
		{871EAE86-C9A4-334B-B6DC-43545B573421} = {871EAE86-C9A4-334B-B6DC-43545B573421}
		{23DFD586-C050-314B-9677-C47C934B8AAF} = {23DFD586-C050-314B-9677-C47C934B8AAF}
		{93B60409-4269-30D6-91AE-17611E39F4DC} = {93B60409-4269-30D6-91AE-17611E39F4DC}
		{1AACCB3D-D6EA-387D-AE9F-1994A55E8A58} = {1AACCB3D-D6EA-387D-AE9F-1994A55E8A58}
		{D3F8017D-4570-3CDF-8C75-99A1E014FA5D} = {D3F8017D-4570-3CDF-8C75-99A1E014FA5D}
		{83F4ECC2-B7FD-39F6-9DD9-1EBC29FBE42F} = {83F4ECC2-B7FD-39F6-9DD9-1EBC29FBE42F}
		{9949251B-1988-30C0-B702-55FB0CE45223} = {9949251B-1988-30C0-B702-55FB0CE45223}
		{35346A46-C958-3505-AF61-98289DD4A3A4} = {35346A46-C958-3505-AF61-98289DD4A3A4}
		{D77603E3-2121-32AD-823B-5962700B2F6B} = {D77603E3-2121-32AD-823B-5962700B2F6B}
		{882588F7-83D5-35C3-A722-9A8E75EE5A73} = {882588F7-83D5-35C3-A722-9A8E75EE5A73}
		{65FEB79B-6A71-3033-8EAD-2732D82311F5} = {65FEB79B-6A71-3033-8EAD-2732D82311F5}
		{9E6CCC47-7B4B-3B27-9672-5C3B87A0979A} = {9E6CCC47-7B4B-3B27-9672-5C3B87A0979A}
		{8F9DA814-80EC-3E92-9A24-181680D00DE6} = {8F9DA814-80EC-3E92-9A24-181680D00DE6}
		{E126860C-F9EA-30DF-9AA1-3578312AB091} = {E126860C-F9EA-30DF-9AA1-3578312AB091}
		{48D2EA96-D48E-3DC5-B8DD-BE8523495E1E} = {48D2EA96-D48E-3DC5-B8DD-BE8523495E1E}
		{7CCD547C-CF87-3118-AE17-9597DB4B118C} = {7CCD547C-CF87-3118-AE17-9597DB4B118C}
		{2B5ACA59-CD37-36C1-BC5A-D8BA66DA83AE} = {2B5ACA59-CD37-36C1-BC5A-D8BA66DA83AE}
		{4647F791-EAAB-30D4-8F22-48ED77992A59} = {4647F791-EAAB-30D4-8F22-48ED77992A59}
		{E5C645C8-91D2-3FFB-A475-48EA357E16BC} = {E5C645C8-91D2-3FFB-A475-48EA357E16BC}
		{BD5CA605-A8B3-3E55-9925-00C9BDAA20D6} = {BD5CA605-A8B3-3E55-9925-00C9BDAA20D6}
		{E9221F29-4A55-39F2-91A9-F2A3C710B525} = {E9221F29-4A55-39F2-91A9-F2A3C710B525}
		{937BD31B-C7BB-38FB-9574-0CA868E00A21} = {937BD31B-C7BB-38FB-9574-0CA868E00A21}
		{94990D4C-7327-3960-A7E1-7C14F2DEE2BE} = {94990D4C-7327-3960-A7E1-7C14F2DEE2BE}
		{6A3420EF-0080-35D1-A2B5-14A146F779A7} = {6A3420EF-0080-35D1-A2B5-14A146F779A7}
	EndProjectSection
EndProject
Project("{8BC9CEB8-8B4A-11D0-8D11-00A0C91BC942}") = "INSTALL", "INSTALL.vcxproj", "{CCAB1E20-ABC4-3F89-87EB-928B3FFF5F10}"
	ProjectSection(ProjectDependencies) = postProject
		{4C0500F3-651C-3CFC-8A60-C5A0225D64FD} = {4C0500F3-651C-3CFC-8A60-C5A0225D64FD}
	EndProjectSection
EndProject
Project("{8BC9CEB8-8B4A-11D0-8D11-00A0C91BC942}") = "ZERO_CHECK", "ZERO_CHECK.vcxproj", "{9522DC82-69EB-32AB-93EF-ABE96856C1B6}"
	ProjectSection(ProjectDependencies) = postProject
	EndProjectSection
EndProject
Project("{8BC9CEB8-8B4A-11D0-8D11-00A0C91BC942}") = "boing", "examples\boing.vcxproj", "{871EAE86-C9A4-334B-B6DC-43545B573421}"
	ProjectSection(ProjectDependencies) = postProject
		{9522DC82-69EB-32AB-93EF-ABE96856C1B6} = {9522DC82-69EB-32AB-93EF-ABE96856C1B6}
		{35346A46-C958-3505-AF61-98289DD4A3A4} = {35346A46-C958-3505-AF61-98289DD4A3A4}
	EndProjectSection
EndProject
Project("{8BC9CEB8-8B4A-11D0-8D11-00A0C91BC942}") = "clipboard", "tests\clipboard.vcxproj", "{23DFD586-C050-314B-9677-C47C934B8AAF}"
	ProjectSection(ProjectDependencies) = postProject
		{9522DC82-69EB-32AB-93EF-ABE96856C1B6} = {9522DC82-69EB-32AB-93EF-ABE96856C1B6}
		{35346A46-C958-3505-AF61-98289DD4A3A4} = {35346A46-C958-3505-AF61-98289DD4A3A4}
	EndProjectSection
EndProject
Project("{8BC9CEB8-8B4A-11D0-8D11-00A0C91BC942}") = "cursor", "tests\cursor.vcxproj", "{93B60409-4269-30D6-91AE-17611E39F4DC}"
	ProjectSection(ProjectDependencies) = postProject
		{9522DC82-69EB-32AB-93EF-ABE96856C1B6} = {9522DC82-69EB-32AB-93EF-ABE96856C1B6}
		{35346A46-C958-3505-AF61-98289DD4A3A4} = {35346A46-C958-3505-AF61-98289DD4A3A4}
	EndProjectSection
EndProject
Project("{8BC9CEB8-8B4A-11D0-8D11-00A0C91BC942}") = "empty", "tests\empty.vcxproj", "{1AACCB3D-D6EA-387D-AE9F-1994A55E8A58}"
	ProjectSection(ProjectDependencies) = postProject
		{9522DC82-69EB-32AB-93EF-ABE96856C1B6} = {9522DC82-69EB-32AB-93EF-ABE96856C1B6}
		{35346A46-C958-3505-AF61-98289DD4A3A4} = {35346A46-C958-3505-AF61-98289DD4A3A4}
	EndProjectSection
EndProject
Project("{8BC9CEB8-8B4A-11D0-8D11-00A0C91BC942}") = "events", "tests\events.vcxproj", "{D3F8017D-4570-3CDF-8C75-99A1E014FA5D}"
	ProjectSection(ProjectDependencies) = postProject
		{9522DC82-69EB-32AB-93EF-ABE96856C1B6} = {9522DC82-69EB-32AB-93EF-ABE96856C1B6}
		{35346A46-C958-3505-AF61-98289DD4A3A4} = {35346A46-C958-3505-AF61-98289DD4A3A4}
	EndProjectSection
EndProject
Project("{8BC9CEB8-8B4A-11D0-8D11-00A0C91BC942}") = "gamma", "tests\gamma.vcxproj", "{83F4ECC2-B7FD-39F6-9DD9-1EBC29FBE42F}"
	ProjectSection(ProjectDependencies) = postProject
		{9522DC82-69EB-32AB-93EF-ABE96856C1B6} = {9522DC82-69EB-32AB-93EF-ABE96856C1B6}
		{35346A46-C958-3505-AF61-98289DD4A3A4} = {35346A46-C958-3505-AF61-98289DD4A3A4}
	EndProjectSection
EndProject
Project("{8BC9CEB8-8B4A-11D0-8D11-00A0C91BC942}") = "gears", "examples\gears.vcxproj", "{9949251B-1988-30C0-B702-55FB0CE45223}"
	ProjectSection(ProjectDependencies) = postProject
		{9522DC82-69EB-32AB-93EF-ABE96856C1B6} = {9522DC82-69EB-32AB-93EF-ABE96856C1B6}
		{35346A46-C958-3505-AF61-98289DD4A3A4} = {35346A46-C958-3505-AF61-98289DD4A3A4}
	EndProjectSection
EndProject
Project("{8BC9CEB8-8B4A-11D0-8D11-00A0C91BC942}") = "glfw", "src\glfw.vcxproj", "{35346A46-C958-3505-AF61-98289DD4A3A4}"
	ProjectSection(ProjectDependencies) = postProject
		{9522DC82-69EB-32AB-93EF-ABE96856C1B6} = {9522DC82-69EB-32AB-93EF-ABE96856C1B6}
	EndProjectSection
EndProject
Project("{8BC9CEB8-8B4A-11D0-8D11-00A0C91BC942}") = "glfwinfo", "tests\glfwinfo.vcxproj", "{D77603E3-2121-32AD-823B-5962700B2F6B}"
	ProjectSection(ProjectDependencies) = postProject
		{9522DC82-69EB-32AB-93EF-ABE96856C1B6} = {9522DC82-69EB-32AB-93EF-ABE96856C1B6}
		{35346A46-C958-3505-AF61-98289DD4A3A4} = {35346A46-C958-3505-AF61-98289DD4A3A4}
	EndProjectSection
EndProject
Project("{8BC9CEB8-8B4A-11D0-8D11-00A0C91BC942}") = "heightmap", "examples\heightmap.vcxproj", "{882588F7-83D5-35C3-A722-9A8E75EE5A73}"
	ProjectSection(ProjectDependencies) = postProject
		{9522DC82-69EB-32AB-93EF-ABE96856C1B6} = {9522DC82-69EB-32AB-93EF-ABE96856C1B6}
		{35346A46-C958-3505-AF61-98289DD4A3A4} = {35346A46-C958-3505-AF61-98289DD4A3A4}
	EndProjectSection
EndProject
Project("{8BC9CEB8-8B4A-11D0-8D11-00A0C91BC942}") = "iconify", "tests\iconify.vcxproj", "{65FEB79B-6A71-3033-8EAD-2732D82311F5}"
	ProjectSection(ProjectDependencies) = postProject
		{9522DC82-69EB-32AB-93EF-ABE96856C1B6} = {9522DC82-69EB-32AB-93EF-ABE96856C1B6}
		{35346A46-C958-3505-AF61-98289DD4A3A4} = {35346A46-C958-3505-AF61-98289DD4A3A4}
	EndProjectSection
EndProject
Project("{8BC9CEB8-8B4A-11D0-8D11-00A0C91BC942}") = "joysticks", "tests\joysticks.vcxproj", "{9E6CCC47-7B4B-3B27-9672-5C3B87A0979A}"
	ProjectSection(ProjectDependencies) = postProject
		{9522DC82-69EB-32AB-93EF-ABE96856C1B6} = {9522DC82-69EB-32AB-93EF-ABE96856C1B6}
		{35346A46-C958-3505-AF61-98289DD4A3A4} = {35346A46-C958-3505-AF61-98289DD4A3A4}
	EndProjectSection
EndProject
Project("{8BC9CEB8-8B4A-11D0-8D11-00A0C91BC942}") = "monitors", "tests\monitors.vcxproj", "{8F9DA814-80EC-3E92-9A24-181680D00DE6}"
	ProjectSection(ProjectDependencies) = postProject
		{9522DC82-69EB-32AB-93EF-ABE96856C1B6} = {9522DC82-69EB-32AB-93EF-ABE96856C1B6}
		{35346A46-C958-3505-AF61-98289DD4A3A4} = {35346A46-C958-3505-AF61-98289DD4A3A4}
	EndProjectSection
EndProject
Project("{8BC9CEB8-8B4A-11D0-8D11-00A0C91BC942}") = "msaa", "tests\msaa.vcxproj", "{E126860C-F9EA-30DF-9AA1-3578312AB091}"
	ProjectSection(ProjectDependencies) = postProject
		{9522DC82-69EB-32AB-93EF-ABE96856C1B6} = {9522DC82-69EB-32AB-93EF-ABE96856C1B6}
		{35346A46-C958-3505-AF61-98289DD4A3A4} = {35346A46-C958-3505-AF61-98289DD4A3A4}
	EndProjectSection
EndProject
Project("{8BC9CEB8-8B4A-11D0-8D11-00A0C91BC942}") = "particles", "examples\particles.vcxproj", "{48D2EA96-D48E-3DC5-B8DD-BE8523495E1E}"
	ProjectSection(ProjectDependencies) = postProject
		{9522DC82-69EB-32AB-93EF-ABE96856C1B6} = {9522DC82-69EB-32AB-93EF-ABE96856C1B6}
		{35346A46-C958-3505-AF61-98289DD4A3A4} = {35346A46-C958-3505-AF61-98289DD4A3A4}
	EndProjectSection
EndProject
Project("{8BC9CEB8-8B4A-11D0-8D11-00A0C91BC942}") = "reopen", "tests\reopen.vcxproj", "{7CCD547C-CF87-3118-AE17-9597DB4B118C}"
	ProjectSection(ProjectDependencies) = postProject
		{9522DC82-69EB-32AB-93EF-ABE96856C1B6} = {9522DC82-69EB-32AB-93EF-ABE96856C1B6}
		{35346A46-C958-3505-AF61-98289DD4A3A4} = {35346A46-C958-3505-AF61-98289DD4A3A4}
	EndProjectSection
EndProject
Project("{8BC9CEB8-8B4A-11D0-8D11-00A0C91BC942}") = "sharing", "tests\sharing.vcxproj", "{2B5ACA59-CD37-36C1-BC5A-D8BA66DA83AE}"
	ProjectSection(ProjectDependencies) = postProject
		{9522DC82-69EB-32AB-93EF-ABE96856C1B6} = {9522DC82-69EB-32AB-93EF-ABE96856C1B6}
		{35346A46-C958-3505-AF61-98289DD4A3A4} = {35346A46-C958-3505-AF61-98289DD4A3A4}
	EndProjectSection
EndProject
Project("{8BC9CEB8-8B4A-11D0-8D11-00A0C91BC942}") = "simple", "examples\simple.vcxproj", "{4647F791-EAAB-30D4-8F22-48ED77992A59}"
	ProjectSection(ProjectDependencies) = postProject
		{9522DC82-69EB-32AB-93EF-ABE96856C1B6} = {9522DC82-69EB-32AB-93EF-ABE96856C1B6}
		{35346A46-C958-3505-AF61-98289DD4A3A4} = {35346A46-C958-3505-AF61-98289DD4A3A4}
	EndProjectSection
EndProject
Project("{8BC9CEB8-8B4A-11D0-8D11-00A0C91BC942}") = "splitview", "examples\splitview.vcxproj", "{E5C645C8-91D2-3FFB-A475-48EA357E16BC}"
	ProjectSection(ProjectDependencies) = postProject
		{9522DC82-69EB-32AB-93EF-ABE96856C1B6} = {9522DC82-69EB-32AB-93EF-ABE96856C1B6}
		{35346A46-C958-3505-AF61-98289DD4A3A4} = {35346A46-C958-3505-AF61-98289DD4A3A4}
	EndProjectSection
EndProject
Project("{8BC9CEB8-8B4A-11D0-8D11-00A0C91BC942}") = "tearing", "tests\tearing.vcxproj", "{BD5CA605-A8B3-3E55-9925-00C9BDAA20D6}"
	ProjectSection(ProjectDependencies) = postProject
		{9522DC82-69EB-32AB-93EF-ABE96856C1B6} = {9522DC82-69EB-32AB-93EF-ABE96856C1B6}
		{35346A46-C958-3505-AF61-98289DD4A3A4} = {35346A46-C958-3505-AF61-98289DD4A3A4}
	EndProjectSection
EndProject
Project("{8BC9CEB8-8B4A-11D0-8D11-00A0C91BC942}") = "threads", "tests\threads.vcxproj", "{E9221F29-4A55-39F2-91A9-F2A3C710B525}"
	ProjectSection(ProjectDependencies) = postProject
		{9522DC82-69EB-32AB-93EF-ABE96856C1B6} = {9522DC82-69EB-32AB-93EF-ABE96856C1B6}
		{35346A46-C958-3505-AF61-98289DD4A3A4} = {35346A46-C958-3505-AF61-98289DD4A3A4}
	EndProjectSection
EndProject
Project("{8BC9CEB8-8B4A-11D0-8D11-00A0C91BC942}") = "title", "tests\title.vcxproj", "{937BD31B-C7BB-38FB-9574-0CA868E00A21}"
	ProjectSection(ProjectDependencies) = postProject
		{9522DC82-69EB-32AB-93EF-ABE96856C1B6} = {9522DC82-69EB-32AB-93EF-ABE96856C1B6}
		{35346A46-C958-3505-AF61-98289DD4A3A4} = {35346A46-C958-3505-AF61-98289DD4A3A4}
	EndProjectSection
EndProject
Project("{8BC9CEB8-8B4A-11D0-8D11-00A0C91BC942}") = "uninstall", "uninstall.vcxproj", "{3D756716-4128-3CB8-90E9-B6088791D277}"
	ProjectSection(ProjectDependencies) = postProject
		{9522DC82-69EB-32AB-93EF-ABE96856C1B6} = {9522DC82-69EB-32AB-93EF-ABE96856C1B6}
	EndProjectSection
EndProject
Project("{8BC9CEB8-8B4A-11D0-8D11-00A0C91BC942}") = "wave", "examples\wave.vcxproj", "{94990D4C-7327-3960-A7E1-7C14F2DEE2BE}"
	ProjectSection(ProjectDependencies) = postProject
		{9522DC82-69EB-32AB-93EF-ABE96856C1B6} = {9522DC82-69EB-32AB-93EF-ABE96856C1B6}
		{35346A46-C958-3505-AF61-98289DD4A3A4} = {35346A46-C958-3505-AF61-98289DD4A3A4}
	EndProjectSection
EndProject
Project("{8BC9CEB8-8B4A-11D0-8D11-00A0C91BC942}") = "windows", "tests\windows.vcxproj", "{6A3420EF-0080-35D1-A2B5-14A146F779A7}"
	ProjectSection(ProjectDependencies) = postProject
		{9522DC82-69EB-32AB-93EF-ABE96856C1B6} = {9522DC82-69EB-32AB-93EF-ABE96856C1B6}
		{35346A46-C958-3505-AF61-98289DD4A3A4} = {35346A46-C958-3505-AF61-98289DD4A3A4}
	EndProjectSection
EndProject
Project("{2150E333-8FDC-42A3-9474-1A3956D46DE8}") = "CMakePredefinedTargets", "CMakePredefinedTargets", "{048AF33D-2876-371A-B051-C00D10C43650}"
EndProject
Project("{2150E333-8FDC-42A3-9474-1A3956D46DE8}") = "GLFW3", "GLFW3", "{B5AD690E-F996-3A7B-8CF6-A5F877500D4B}"
EndProject
Project("{2150E333-8FDC-42A3-9474-1A3956D46DE8}") = "Examples", "GLFW3\Examples", "{9E2F567F-CF03-3847-B331-B7CA5800122E}"
EndProject
Project("{2150E333-8FDC-42A3-9474-1A3956D46DE8}") = "Tests", "GLFW3\Tests", "{27EF83C9-BCFB-3539-8F1F-07A39012A0B1}"
EndProject
Global
	GlobalSection(SolutionConfigurationPlatforms) = preSolution
		Debug|Win32 = Debug|Win32
		Release|Win32 = Release|Win32
		MinSizeRel|Win32 = MinSizeRel|Win32
		RelWithDebInfo|Win32 = RelWithDebInfo|Win32
	EndGlobalSection
	GlobalSection(ProjectConfigurationPlatforms) = postSolution
		{4C0500F3-651C-3CFC-8A60-C5A0225D64FD}.Debug|Win32.ActiveCfg = Debug|Win32
		{4C0500F3-651C-3CFC-8A60-C5A0225D64FD}.Debug|Win32.Build.0 = Debug|Win32
		{4C0500F3-651C-3CFC-8A60-C5A0225D64FD}.Release|Win32.ActiveCfg = Release|Win32
		{4C0500F3-651C-3CFC-8A60-C5A0225D64FD}.Release|Win32.Build.0 = Release|Win32
		{4C0500F3-651C-3CFC-8A60-C5A0225D64FD}.MinSizeRel|Win32.ActiveCfg = MinSizeRel|Win32
		{4C0500F3-651C-3CFC-8A60-C5A0225D64FD}.MinSizeRel|Win32.Build.0 = MinSizeRel|Win32
		{4C0500F3-651C-3CFC-8A60-C5A0225D64FD}.RelWithDebInfo|Win32.ActiveCfg = RelWithDebInfo|Win32
		{4C0500F3-651C-3CFC-8A60-C5A0225D64FD}.RelWithDebInfo|Win32.Build.0 = RelWithDebInfo|Win32
		{CCAB1E20-ABC4-3F89-87EB-928B3FFF5F10}.Debug|Win32.ActiveCfg = Debug|Win32
		{CCAB1E20-ABC4-3F89-87EB-928B3FFF5F10}.Release|Win32.ActiveCfg = Release|Win32
		{CCAB1E20-ABC4-3F89-87EB-928B3FFF5F10}.MinSizeRel|Win32.ActiveCfg = MinSizeRel|Win32
		{CCAB1E20-ABC4-3F89-87EB-928B3FFF5F10}.RelWithDebInfo|Win32.ActiveCfg = RelWithDebInfo|Win32
		{9522DC82-69EB-32AB-93EF-ABE96856C1B6}.Debug|Win32.ActiveCfg = Debug|Win32
		{9522DC82-69EB-32AB-93EF-ABE96856C1B6}.Debug|Win32.Build.0 = Debug|Win32
		{9522DC82-69EB-32AB-93EF-ABE96856C1B6}.Release|Win32.ActiveCfg = Release|Win32
		{9522DC82-69EB-32AB-93EF-ABE96856C1B6}.Release|Win32.Build.0 = Release|Win32
		{9522DC82-69EB-32AB-93EF-ABE96856C1B6}.MinSizeRel|Win32.ActiveCfg = MinSizeRel|Win32
		{9522DC82-69EB-32AB-93EF-ABE96856C1B6}.MinSizeRel|Win32.Build.0 = MinSizeRel|Win32
		{9522DC82-69EB-32AB-93EF-ABE96856C1B6}.RelWithDebInfo|Win32.ActiveCfg = RelWithDebInfo|Win32
		{9522DC82-69EB-32AB-93EF-ABE96856C1B6}.RelWithDebInfo|Win32.Build.0 = RelWithDebInfo|Win32
		{871EAE86-C9A4-334B-B6DC-43545B573421}.Debug|Win32.ActiveCfg = Debug|Win32
		{871EAE86-C9A4-334B-B6DC-43545B573421}.Debug|Win32.Build.0 = Debug|Win32
		{871EAE86-C9A4-334B-B6DC-43545B573421}.Release|Win32.ActiveCfg = Release|Win32
		{871EAE86-C9A4-334B-B6DC-43545B573421}.Release|Win32.Build.0 = Release|Win32
		{871EAE86-C9A4-334B-B6DC-43545B573421}.MinSizeRel|Win32.ActiveCfg = MinSizeRel|Win32
		{871EAE86-C9A4-334B-B6DC-43545B573421}.MinSizeRel|Win32.Build.0 = MinSizeRel|Win32
		{871EAE86-C9A4-334B-B6DC-43545B573421}.RelWithDebInfo|Win32.ActiveCfg = RelWithDebInfo|Win32
		{871EAE86-C9A4-334B-B6DC-43545B573421}.RelWithDebInfo|Win32.Build.0 = RelWithDebInfo|Win32
		{23DFD586-C050-314B-9677-C47C934B8AAF}.Debug|Win32.ActiveCfg = Debug|Win32
		{23DFD586-C050-314B-9677-C47C934B8AAF}.Debug|Win32.Build.0 = Debug|Win32
		{23DFD586-C050-314B-9677-C47C934B8AAF}.Release|Win32.ActiveCfg = Release|Win32
		{23DFD586-C050-314B-9677-C47C934B8AAF}.Release|Win32.Build.0 = Release|Win32
		{23DFD586-C050-314B-9677-C47C934B8AAF}.MinSizeRel|Win32.ActiveCfg = MinSizeRel|Win32
		{23DFD586-C050-314B-9677-C47C934B8AAF}.MinSizeRel|Win32.Build.0 = MinSizeRel|Win32
		{23DFD586-C050-314B-9677-C47C934B8AAF}.RelWithDebInfo|Win32.ActiveCfg = RelWithDebInfo|Win32
		{23DFD586-C050-314B-9677-C47C934B8AAF}.RelWithDebInfo|Win32.Build.0 = RelWithDebInfo|Win32
		{93B60409-4269-30D6-91AE-17611E39F4DC}.Debug|Win32.ActiveCfg = Debug|Win32
		{93B60409-4269-30D6-91AE-17611E39F4DC}.Debug|Win32.Build.0 = Debug|Win32
		{93B60409-4269-30D6-91AE-17611E39F4DC}.Release|Win32.ActiveCfg = Release|Win32
		{93B60409-4269-30D6-91AE-17611E39F4DC}.Release|Win32.Build.0 = Release|Win32
		{93B60409-4269-30D6-91AE-17611E39F4DC}.MinSizeRel|Win32.ActiveCfg = MinSizeRel|Win32
		{93B60409-4269-30D6-91AE-17611E39F4DC}.MinSizeRel|Win32.Build.0 = MinSizeRel|Win32
		{93B60409-4269-30D6-91AE-17611E39F4DC}.RelWithDebInfo|Win32.ActiveCfg = RelWithDebInfo|Win32
		{93B60409-4269-30D6-91AE-17611E39F4DC}.RelWithDebInfo|Win32.Build.0 = RelWithDebInfo|Win32
		{1AACCB3D-D6EA-387D-AE9F-1994A55E8A58}.Debug|Win32.ActiveCfg = Debug|Win32
		{1AACCB3D-D6EA-387D-AE9F-1994A55E8A58}.Debug|Win32.Build.0 = Debug|Win32
		{1AACCB3D-D6EA-387D-AE9F-1994A55E8A58}.Release|Win32.ActiveCfg = Release|Win32
		{1AACCB3D-D6EA-387D-AE9F-1994A55E8A58}.Release|Win32.Build.0 = Release|Win32
		{1AACCB3D-D6EA-387D-AE9F-1994A55E8A58}.MinSizeRel|Win32.ActiveCfg = MinSizeRel|Win32
		{1AACCB3D-D6EA-387D-AE9F-1994A55E8A58}.MinSizeRel|Win32.Build.0 = MinSizeRel|Win32
		{1AACCB3D-D6EA-387D-AE9F-1994A55E8A58}.RelWithDebInfo|Win32.ActiveCfg = RelWithDebInfo|Win32
		{1AACCB3D-D6EA-387D-AE9F-1994A55E8A58}.RelWithDebInfo|Win32.Build.0 = RelWithDebInfo|Win32
		{D3F8017D-4570-3CDF-8C75-99A1E014FA5D}.Debug|Win32.ActiveCfg = Debug|Win32
		{D3F8017D-4570-3CDF-8C75-99A1E014FA5D}.Debug|Win32.Build.0 = Debug|Win32
		{D3F8017D-4570-3CDF-8C75-99A1E014FA5D}.Release|Win32.ActiveCfg = Release|Win32
		{D3F8017D-4570-3CDF-8C75-99A1E014FA5D}.Release|Win32.Build.0 = Release|Win32
		{D3F8017D-4570-3CDF-8C75-99A1E014FA5D}.MinSizeRel|Win32.ActiveCfg = MinSizeRel|Win32
		{D3F8017D-4570-3CDF-8C75-99A1E014FA5D}.MinSizeRel|Win32.Build.0 = MinSizeRel|Win32
		{D3F8017D-4570-3CDF-8C75-99A1E014FA5D}.RelWithDebInfo|Win32.ActiveCfg = RelWithDebInfo|Win32
		{D3F8017D-4570-3CDF-8C75-99A1E014FA5D}.RelWithDebInfo|Win32.Build.0 = RelWithDebInfo|Win32
		{83F4ECC2-B7FD-39F6-9DD9-1EBC29FBE42F}.Debug|Win32.ActiveCfg = Debug|Win32
		{83F4ECC2-B7FD-39F6-9DD9-1EBC29FBE42F}.Debug|Win32.Build.0 = Debug|Win32
		{83F4ECC2-B7FD-39F6-9DD9-1EBC29FBE42F}.Release|Win32.ActiveCfg = Release|Win32
		{83F4ECC2-B7FD-39F6-9DD9-1EBC29FBE42F}.Release|Win32.Build.0 = Release|Win32
		{83F4ECC2-B7FD-39F6-9DD9-1EBC29FBE42F}.MinSizeRel|Win32.ActiveCfg = MinSizeRel|Win32
		{83F4ECC2-B7FD-39F6-9DD9-1EBC29FBE42F}.MinSizeRel|Win32.Build.0 = MinSizeRel|Win32
		{83F4ECC2-B7FD-39F6-9DD9-1EBC29FBE42F}.RelWithDebInfo|Win32.ActiveCfg = RelWithDebInfo|Win32
		{83F4ECC2-B7FD-39F6-9DD9-1EBC29FBE42F}.RelWithDebInfo|Win32.Build.0 = RelWithDebInfo|Win32
		{9949251B-1988-30C0-B702-55FB0CE45223}.Debug|Win32.ActiveCfg = Debug|Win32
		{9949251B-1988-30C0-B702-55FB0CE45223}.Debug|Win32.Build.0 = Debug|Win32
		{9949251B-1988-30C0-B702-55FB0CE45223}.Release|Win32.ActiveCfg = Release|Win32
		{9949251B-1988-30C0-B702-55FB0CE45223}.Release|Win32.Build.0 = Release|Win32
		{9949251B-1988-30C0-B702-55FB0CE45223}.MinSizeRel|Win32.ActiveCfg = MinSizeRel|Win32
		{9949251B-1988-30C0-B702-55FB0CE45223}.MinSizeRel|Win32.Build.0 = MinSizeRel|Win32
		{9949251B-1988-30C0-B702-55FB0CE45223}.RelWithDebInfo|Win32.ActiveCfg = RelWithDebInfo|Win32
		{9949251B-1988-30C0-B702-55FB0CE45223}.RelWithDebInfo|Win32.Build.0 = RelWithDebInfo|Win32
		{35346A46-C958-3505-AF61-98289DD4A3A4}.Debug|Win32.ActiveCfg = Debug|Win32
		{35346A46-C958-3505-AF61-98289DD4A3A4}.Debug|Win32.Build.0 = Debug|Win32
		{35346A46-C958-3505-AF61-98289DD4A3A4}.Release|Win32.ActiveCfg = Release|Win32
		{35346A46-C958-3505-AF61-98289DD4A3A4}.Release|Win32.Build.0 = Release|Win32
		{35346A46-C958-3505-AF61-98289DD4A3A4}.MinSizeRel|Win32.ActiveCfg = MinSizeRel|Win32
		{35346A46-C958-3505-AF61-98289DD4A3A4}.MinSizeRel|Win32.Build.0 = MinSizeRel|Win32
		{35346A46-C958-3505-AF61-98289DD4A3A4}.RelWithDebInfo|Win32.ActiveCfg = RelWithDebInfo|Win32
		{35346A46-C958-3505-AF61-98289DD4A3A4}.RelWithDebInfo|Win32.Build.0 = RelWithDebInfo|Win32
		{D77603E3-2121-32AD-823B-5962700B2F6B}.Debug|Win32.ActiveCfg = Debug|Win32
		{D77603E3-2121-32AD-823B-5962700B2F6B}.Debug|Win32.Build.0 = Debug|Win32
		{D77603E3-2121-32AD-823B-5962700B2F6B}.Release|Win32.ActiveCfg = Release|Win32
		{D77603E3-2121-32AD-823B-5962700B2F6B}.Release|Win32.Build.0 = Release|Win32
		{D77603E3-2121-32AD-823B-5962700B2F6B}.MinSizeRel|Win32.ActiveCfg = MinSizeRel|Win32
		{D77603E3-2121-32AD-823B-5962700B2F6B}.MinSizeRel|Win32.Build.0 = MinSizeRel|Win32
		{D77603E3-2121-32AD-823B-5962700B2F6B}.RelWithDebInfo|Win32.ActiveCfg = RelWithDebInfo|Win32
		{D77603E3-2121-32AD-823B-5962700B2F6B}.RelWithDebInfo|Win32.Build.0 = RelWithDebInfo|Win32
		{882588F7-83D5-35C3-A722-9A8E75EE5A73}.Debug|Win32.ActiveCfg = Debug|Win32
		{882588F7-83D5-35C3-A722-9A8E75EE5A73}.Debug|Win32.Build.0 = Debug|Win32
		{882588F7-83D5-35C3-A722-9A8E75EE5A73}.Release|Win32.ActiveCfg = Release|Win32
		{882588F7-83D5-35C3-A722-9A8E75EE5A73}.Release|Win32.Build.0 = Release|Win32
		{882588F7-83D5-35C3-A722-9A8E75EE5A73}.MinSizeRel|Win32.ActiveCfg = MinSizeRel|Win32
		{882588F7-83D5-35C3-A722-9A8E75EE5A73}.MinSizeRel|Win32.Build.0 = MinSizeRel|Win32
		{882588F7-83D5-35C3-A722-9A8E75EE5A73}.RelWithDebInfo|Win32.ActiveCfg = RelWithDebInfo|Win32
		{882588F7-83D5-35C3-A722-9A8E75EE5A73}.RelWithDebInfo|Win32.Build.0 = RelWithDebInfo|Win32
		{65FEB79B-6A71-3033-8EAD-2732D82311F5}.Debug|Win32.ActiveCfg = Debug|Win32
		{65FEB79B-6A71-3033-8EAD-2732D82311F5}.Debug|Win32.Build.0 = Debug|Win32
		{65FEB79B-6A71-3033-8EAD-2732D82311F5}.Release|Win32.ActiveCfg = Release|Win32
		{65FEB79B-6A71-3033-8EAD-2732D82311F5}.Release|Win32.Build.0 = Release|Win32
		{65FEB79B-6A71-3033-8EAD-2732D82311F5}.MinSizeRel|Win32.ActiveCfg = MinSizeRel|Win32
		{65FEB79B-6A71-3033-8EAD-2732D82311F5}.MinSizeRel|Win32.Build.0 = MinSizeRel|Win32
		{65FEB79B-6A71-3033-8EAD-2732D82311F5}.RelWithDebInfo|Win32.ActiveCfg = RelWithDebInfo|Win32
		{65FEB79B-6A71-3033-8EAD-2732D82311F5}.RelWithDebInfo|Win32.Build.0 = RelWithDebInfo|Win32
		{9E6CCC47-7B4B-3B27-9672-5C3B87A0979A}.Debug|Win32.ActiveCfg = Debug|Win32
		{9E6CCC47-7B4B-3B27-9672-5C3B87A0979A}.Debug|Win32.Build.0 = Debug|Win32
		{9E6CCC47-7B4B-3B27-9672-5C3B87A0979A}.Release|Win32.ActiveCfg = Release|Win32
		{9E6CCC47-7B4B-3B27-9672-5C3B87A0979A}.Release|Win32.Build.0 = Release|Win32
		{9E6CCC47-7B4B-3B27-9672-5C3B87A0979A}.MinSizeRel|Win32.ActiveCfg = MinSizeRel|Win32
		{9E6CCC47-7B4B-3B27-9672-5C3B87A0979A}.MinSizeRel|Win32.Build.0 = MinSizeRel|Win32
		{9E6CCC47-7B4B-3B27-9672-5C3B87A0979A}.RelWithDebInfo|Win32.ActiveCfg = RelWithDebInfo|Win32
		{9E6CCC47-7B4B-3B27-9672-5C3B87A0979A}.RelWithDebInfo|Win32.Build.0 = RelWithDebInfo|Win32
		{8F9DA814-80EC-3E92-9A24-181680D00DE6}.Debug|Win32.ActiveCfg = Debug|Win32
		{8F9DA814-80EC-3E92-9A24-181680D00DE6}.Debug|Win32.Build.0 = Debug|Win32
		{8F9DA814-80EC-3E92-9A24-181680D00DE6}.Release|Win32.ActiveCfg = Release|Win32
		{8F9DA814-80EC-3E92-9A24-181680D00DE6}.Release|Win32.Build.0 = Release|Win32
		{8F9DA814-80EC-3E92-9A24-181680D00DE6}.MinSizeRel|Win32.ActiveCfg = MinSizeRel|Win32
		{8F9DA814-80EC-3E92-9A24-181680D00DE6}.MinSizeRel|Win32.Build.0 = MinSizeRel|Win32
		{8F9DA814-80EC-3E92-9A24-181680D00DE6}.RelWithDebInfo|Win32.ActiveCfg = RelWithDebInfo|Win32
		{8F9DA814-80EC-3E92-9A24-181680D00DE6}.RelWithDebInfo|Win32.Build.0 = RelWithDebInfo|Win32
		{E126860C-F9EA-30DF-9AA1-3578312AB091}.Debug|Win32.ActiveCfg = Debug|Win32
		{E126860C-F9EA-30DF-9AA1-3578312AB091}.Debug|Win32.Build.0 = Debug|Win32
		{E126860C-F9EA-30DF-9AA1-3578312AB091}.Release|Win32.ActiveCfg = Release|Win32
		{E126860C-F9EA-30DF-9AA1-3578312AB091}.Release|Win32.Build.0 = Release|Win32
		{E126860C-F9EA-30DF-9AA1-3578312AB091}.MinSizeRel|Win32.ActiveCfg = MinSizeRel|Win32
		{E126860C-F9EA-30DF-9AA1-3578312AB091}.MinSizeRel|Win32.Build.0 = MinSizeRel|Win32
		{E126860C-F9EA-30DF-9AA1-3578312AB091}.RelWithDebInfo|Win32.ActiveCfg = RelWithDebInfo|Win32
		{E126860C-F9EA-30DF-9AA1-3578312AB091}.RelWithDebInfo|Win32.Build.0 = RelWithDebInfo|Win32
		{48D2EA96-D48E-3DC5-B8DD-BE8523495E1E}.Debug|Win32.ActiveCfg = Debug|Win32
		{48D2EA96-D48E-3DC5-B8DD-BE8523495E1E}.Debug|Win32.Build.0 = Debug|Win32
		{48D2EA96-D48E-3DC5-B8DD-BE8523495E1E}.Release|Win32.ActiveCfg = Release|Win32
		{48D2EA96-D48E-3DC5-B8DD-BE8523495E1E}.Release|Win32.Build.0 = Release|Win32
		{48D2EA96-D48E-3DC5-B8DD-BE8523495E1E}.MinSizeRel|Win32.ActiveCfg = MinSizeRel|Win32
		{48D2EA96-D48E-3DC5-B8DD-BE8523495E1E}.MinSizeRel|Win32.Build.0 = MinSizeRel|Win32
		{48D2EA96-D48E-3DC5-B8DD-BE8523495E1E}.RelWithDebInfo|Win32.ActiveCfg = RelWithDebInfo|Win32
		{48D2EA96-D48E-3DC5-B8DD-BE8523495E1E}.RelWithDebInfo|Win32.Build.0 = RelWithDebInfo|Win32
		{7CCD547C-CF87-3118-AE17-9597DB4B118C}.Debug|Win32.ActiveCfg = Debug|Win32
		{7CCD547C-CF87-3118-AE17-9597DB4B118C}.Debug|Win32.Build.0 = Debug|Win32
		{7CCD547C-CF87-3118-AE17-9597DB4B118C}.Release|Win32.ActiveCfg = Release|Win32
		{7CCD547C-CF87-3118-AE17-9597DB4B118C}.Release|Win32.Build.0 = Release|Win32
		{7CCD547C-CF87-3118-AE17-9597DB4B118C}.MinSizeRel|Win32.ActiveCfg = MinSizeRel|Win32
		{7CCD547C-CF87-3118-AE17-9597DB4B118C}.MinSizeRel|Win32.Build.0 = MinSizeRel|Win32
		{7CCD547C-CF87-3118-AE17-9597DB4B118C}.RelWithDebInfo|Win32.ActiveCfg = RelWithDebInfo|Win32
		{7CCD547C-CF87-3118-AE17-9597DB4B118C}.RelWithDebInfo|Win32.Build.0 = RelWithDebInfo|Win32
		{2B5ACA59-CD37-36C1-BC5A-D8BA66DA83AE}.Debug|Win32.ActiveCfg = Debug|Win32
		{2B5ACA59-CD37-36C1-BC5A-D8BA66DA83AE}.Debug|Win32.Build.0 = Debug|Win32
		{2B5ACA59-CD37-36C1-BC5A-D8BA66DA83AE}.Release|Win32.ActiveCfg = Release|Win32
		{2B5ACA59-CD37-36C1-BC5A-D8BA66DA83AE}.Release|Win32.Build.0 = Release|Win32
		{2B5ACA59-CD37-36C1-BC5A-D8BA66DA83AE}.MinSizeRel|Win32.ActiveCfg = MinSizeRel|Win32
		{2B5ACA59-CD37-36C1-BC5A-D8BA66DA83AE}.MinSizeRel|Win32.Build.0 = MinSizeRel|Win32
		{2B5ACA59-CD37-36C1-BC5A-D8BA66DA83AE}.RelWithDebInfo|Win32.ActiveCfg = RelWithDebInfo|Win32
		{2B5ACA59-CD37-36C1-BC5A-D8BA66DA83AE}.RelWithDebInfo|Win32.Build.0 = RelWithDebInfo|Win32
		{4647F791-EAAB-30D4-8F22-48ED77992A59}.Debug|Win32.ActiveCfg = Debug|Win32
		{4647F791-EAAB-30D4-8F22-48ED77992A59}.Debug|Win32.Build.0 = Debug|Win32
		{4647F791-EAAB-30D4-8F22-48ED77992A59}.Release|Win32.ActiveCfg = Release|Win32
		{4647F791-EAAB-30D4-8F22-48ED77992A59}.Release|Win32.Build.0 = Release|Win32
		{4647F791-EAAB-30D4-8F22-48ED77992A59}.MinSizeRel|Win32.ActiveCfg = MinSizeRel|Win32
		{4647F791-EAAB-30D4-8F22-48ED77992A59}.MinSizeRel|Win32.Build.0 = MinSizeRel|Win32
		{4647F791-EAAB-30D4-8F22-48ED77992A59}.RelWithDebInfo|Win32.ActiveCfg = RelWithDebInfo|Win32
		{4647F791-EAAB-30D4-8F22-48ED77992A59}.RelWithDebInfo|Win32.Build.0 = RelWithDebInfo|Win32
		{E5C645C8-91D2-3FFB-A475-48EA357E16BC}.Debug|Win32.ActiveCfg = Debug|Win32
		{E5C645C8-91D2-3FFB-A475-48EA357E16BC}.Debug|Win32.Build.0 = Debug|Win32
		{E5C645C8-91D2-3FFB-A475-48EA357E16BC}.Release|Win32.ActiveCfg = Release|Win32
		{E5C645C8-91D2-3FFB-A475-48EA357E16BC}.Release|Win32.Build.0 = Release|Win32
		{E5C645C8-91D2-3FFB-A475-48EA357E16BC}.MinSizeRel|Win32.ActiveCfg = MinSizeRel|Win32
		{E5C645C8-91D2-3FFB-A475-48EA357E16BC}.MinSizeRel|Win32.Build.0 = MinSizeRel|Win32
		{E5C645C8-91D2-3FFB-A475-48EA357E16BC}.RelWithDebInfo|Win32.ActiveCfg = RelWithDebInfo|Win32
		{E5C645C8-91D2-3FFB-A475-48EA357E16BC}.RelWithDebInfo|Win32.Build.0 = RelWithDebInfo|Win32
		{BD5CA605-A8B3-3E55-9925-00C9BDAA20D6}.Debug|Win32.ActiveCfg = Debug|Win32
		{BD5CA605-A8B3-3E55-9925-00C9BDAA20D6}.Debug|Win32.Build.0 = Debug|Win32
		{BD5CA605-A8B3-3E55-9925-00C9BDAA20D6}.Release|Win32.ActiveCfg = Release|Win32
		{BD5CA605-A8B3-3E55-9925-00C9BDAA20D6}.Release|Win32.Build.0 = Release|Win32
		{BD5CA605-A8B3-3E55-9925-00C9BDAA20D6}.MinSizeRel|Win32.ActiveCfg = MinSizeRel|Win32
		{BD5CA605-A8B3-3E55-9925-00C9BDAA20D6}.MinSizeRel|Win32.Build.0 = MinSizeRel|Win32
		{BD5CA605-A8B3-3E55-9925-00C9BDAA20D6}.RelWithDebInfo|Win32.ActiveCfg = RelWithDebInfo|Win32
		{BD5CA605-A8B3-3E55-9925-00C9BDAA20D6}.RelWithDebInfo|Win32.Build.0 = RelWithDebInfo|Win32
		{E9221F29-4A55-39F2-91A9-F2A3C710B525}.Debug|Win32.ActiveCfg = Debug|Win32
		{E9221F29-4A55-39F2-91A9-F2A3C710B525}.Debug|Win32.Build.0 = Debug|Win32
		{E9221F29-4A55-39F2-91A9-F2A3C710B525}.Release|Win32.ActiveCfg = Release|Win32
		{E9221F29-4A55-39F2-91A9-F2A3C710B525}.Release|Win32.Build.0 = Release|Win32
		{E9221F29-4A55-39F2-91A9-F2A3C710B525}.MinSizeRel|Win32.ActiveCfg = MinSizeRel|Win32
		{E9221F29-4A55-39F2-91A9-F2A3C710B525}.MinSizeRel|Win32.Build.0 = MinSizeRel|Win32
		{E9221F29-4A55-39F2-91A9-F2A3C710B525}.RelWithDebInfo|Win32.ActiveCfg = RelWithDebInfo|Win32
		{E9221F29-4A55-39F2-91A9-F2A3C710B525}.RelWithDebInfo|Win32.Build.0 = RelWithDebInfo|Win32
		{937BD31B-C7BB-38FB-9574-0CA868E00A21}.Debug|Win32.ActiveCfg = Debug|Win32
		{937BD31B-C7BB-38FB-9574-0CA868E00A21}.Debug|Win32.Build.0 = Debug|Win32
		{937BD31B-C7BB-38FB-9574-0CA868E00A21}.Release|Win32.ActiveCfg = Release|Win32
		{937BD31B-C7BB-38FB-9574-0CA868E00A21}.Release|Win32.Build.0 = Release|Win32
		{937BD31B-C7BB-38FB-9574-0CA868E00A21}.MinSizeRel|Win32.ActiveCfg = MinSizeRel|Win32
		{937BD31B-C7BB-38FB-9574-0CA868E00A21}.MinSizeRel|Win32.Build.0 = MinSizeRel|Win32
		{937BD31B-C7BB-38FB-9574-0CA868E00A21}.RelWithDebInfo|Win32.ActiveCfg = RelWithDebInfo|Win32
		{937BD31B-C7BB-38FB-9574-0CA868E00A21}.RelWithDebInfo|Win32.Build.0 = RelWithDebInfo|Win32
		{3D756716-4128-3CB8-90E9-B6088791D277}.Debug|Win32.ActiveCfg = Debug|Win32
		{3D756716-4128-3CB8-90E9-B6088791D277}.Release|Win32.ActiveCfg = Release|Win32
		{3D756716-4128-3CB8-90E9-B6088791D277}.MinSizeRel|Win32.ActiveCfg = MinSizeRel|Win32
		{3D756716-4128-3CB8-90E9-B6088791D277}.RelWithDebInfo|Win32.ActiveCfg = RelWithDebInfo|Win32
		{94990D4C-7327-3960-A7E1-7C14F2DEE2BE}.Debug|Win32.ActiveCfg = Debug|Win32
		{94990D4C-7327-3960-A7E1-7C14F2DEE2BE}.Debug|Win32.Build.0 = Debug|Win32
		{94990D4C-7327-3960-A7E1-7C14F2DEE2BE}.Release|Win32.ActiveCfg = Release|Win32
		{94990D4C-7327-3960-A7E1-7C14F2DEE2BE}.Release|Win32.Build.0 = Release|Win32
		{94990D4C-7327-3960-A7E1-7C14F2DEE2BE}.MinSizeRel|Win32.ActiveCfg = MinSizeRel|Win32
		{94990D4C-7327-3960-A7E1-7C14F2DEE2BE}.MinSizeRel|Win32.Build.0 = MinSizeRel|Win32
		{94990D4C-7327-3960-A7E1-7C14F2DEE2BE}.RelWithDebInfo|Win32.ActiveCfg = RelWithDebInfo|Win32
		{94990D4C-7327-3960-A7E1-7C14F2DEE2BE}.RelWithDebInfo|Win32.Build.0 = RelWithDebInfo|Win32
		{6A3420EF-0080-35D1-A2B5-14A146F779A7}.Debug|Win32.ActiveCfg = Debug|Win32
		{6A3420EF-0080-35D1-A2B5-14A146F779A7}.Debug|Win32.Build.0 = Debug|Win32
		{6A3420EF-0080-35D1-A2B5-14A146F779A7}.Release|Win32.ActiveCfg = Release|Win32
		{6A3420EF-0080-35D1-A2B5-14A146F779A7}.Release|Win32.Build.0 = Release|Win32
		{6A3420EF-0080-35D1-A2B5-14A146F779A7}.MinSizeRel|Win32.ActiveCfg = MinSizeRel|Win32
		{6A3420EF-0080-35D1-A2B5-14A146F779A7}.MinSizeRel|Win32.Build.0 = MinSizeRel|Win32
		{6A3420EF-0080-35D1-A2B5-14A146F779A7}.RelWithDebInfo|Win32.ActiveCfg = RelWithDebInfo|Win32
		{6A3420EF-0080-35D1-A2B5-14A146F779A7}.RelWithDebInfo|Win32.Build.0 = RelWithDebInfo|Win32
	EndGlobalSection
	GlobalSection(NestedProjects) = preSolution
		{CCAB1E20-ABC4-3F89-87EB-928B3FFF5F10} = {048AF33D-2876-371A-B051-C00D10C43650}
		{9522DC82-69EB-32AB-93EF-ABE96856C1B6} = {048AF33D-2876-371A-B051-C00D10C43650}
		{9E2F567F-CF03-3847-B331-B7CA5800122E} = {B5AD690E-F996-3A7B-8CF6-A5F877500D4B}
		{27EF83C9-BCFB-3539-8F1F-07A39012A0B1} = {B5AD690E-F996-3A7B-8CF6-A5F877500D4B}
		{35346A46-C958-3505-AF61-98289DD4A3A4} = {B5AD690E-F996-3A7B-8CF6-A5F877500D4B}
		{871EAE86-C9A4-334B-B6DC-43545B573421} = {9E2F567F-CF03-3847-B331-B7CA5800122E}
		{9949251B-1988-30C0-B702-55FB0CE45223} = {9E2F567F-CF03-3847-B331-B7CA5800122E}
		{882588F7-83D5-35C3-A722-9A8E75EE5A73} = {9E2F567F-CF03-3847-B331-B7CA5800122E}
		{48D2EA96-D48E-3DC5-B8DD-BE8523495E1E} = {9E2F567F-CF03-3847-B331-B7CA5800122E}
		{4647F791-EAAB-30D4-8F22-48ED77992A59} = {9E2F567F-CF03-3847-B331-B7CA5800122E}
		{E5C645C8-91D2-3FFB-A475-48EA357E16BC} = {9E2F567F-CF03-3847-B331-B7CA5800122E}
		{94990D4C-7327-3960-A7E1-7C14F2DEE2BE} = {9E2F567F-CF03-3847-B331-B7CA5800122E}
		{23DFD586-C050-314B-9677-C47C934B8AAF} = {27EF83C9-BCFB-3539-8F1F-07A39012A0B1}
		{93B60409-4269-30D6-91AE-17611E39F4DC} = {27EF83C9-BCFB-3539-8F1F-07A39012A0B1}
		{1AACCB3D-D6EA-387D-AE9F-1994A55E8A58} = {27EF83C9-BCFB-3539-8F1F-07A39012A0B1}
		{D3F8017D-4570-3CDF-8C75-99A1E014FA5D} = {27EF83C9-BCFB-3539-8F1F-07A39012A0B1}
		{83F4ECC2-B7FD-39F6-9DD9-1EBC29FBE42F} = {27EF83C9-BCFB-3539-8F1F-07A39012A0B1}
		{D77603E3-2121-32AD-823B-5962700B2F6B} = {27EF83C9-BCFB-3539-8F1F-07A39012A0B1}
		{65FEB79B-6A71-3033-8EAD-2732D82311F5} = {27EF83C9-BCFB-3539-8F1F-07A39012A0B1}
		{9E6CCC47-7B4B-3B27-9672-5C3B87A0979A} = {27EF83C9-BCFB-3539-8F1F-07A39012A0B1}
		{8F9DA814-80EC-3E92-9A24-181680D00DE6} = {27EF83C9-BCFB-3539-8F1F-07A39012A0B1}
		{E126860C-F9EA-30DF-9AA1-3578312AB091} = {27EF83C9-BCFB-3539-8F1F-07A39012A0B1}
		{7CCD547C-CF87-3118-AE17-9597DB4B118C} = {27EF83C9-BCFB-3539-8F1F-07A39012A0B1}
		{2B5ACA59-CD37-36C1-BC5A-D8BA66DA83AE} = {27EF83C9-BCFB-3539-8F1F-07A39012A0B1}
		{BD5CA605-A8B3-3E55-9925-00C9BDAA20D6} = {27EF83C9-BCFB-3539-8F1F-07A39012A0B1}
		{E9221F29-4A55-39F2-91A9-F2A3C710B525} = {27EF83C9-BCFB-3539-8F1F-07A39012A0B1}
		{937BD31B-C7BB-38FB-9574-0CA868E00A21} = {27EF83C9-BCFB-3539-8F1F-07A39012A0B1}
		{6A3420EF-0080-35D1-A2B5-14A146F779A7} = {27EF83C9-BCFB-3539-8F1F-07A39012A0B1}
	EndGlobalSection
	GlobalSection(ExtensibilityGlobals) = postSolution
	EndGlobalSection
	GlobalSection(ExtensibilityAddIns) = postSolution
	EndGlobalSection
EndGlobal
